
Microsoft Visual Studio Solution File, Format Version 12.00
# Visual Studio Version 17
VisualStudioVersion = 17.7.34009.444
MinimumVisualStudioVersion = 10.0.40219.1
Project("{FAE04EC0-301F-11D3-BF4B-00C04F79EFBC}") = "IQueryableAllFieldsSearcher", "IQueryableAllFieldsSearcher.csproj", "{7789CB7B-E0A3-4603-9581-F4EC7A7563FD}"
EndProject
Project("{FAE04EC0-301F-11D3-BF4B-00C04F79EFBC}") = "IQueryableAllFieldsSearcher.Test", "..\IQueryableAllFieldsSearcher.Test\IQueryableAllFieldsSearcher.Test.csproj", "{ED02F1B4-183E-47AE-8554-02E21CFDF21B}"
EndProject
Global
	GlobalSection(SolutionConfigurationPlatforms) = preSolution
		Debug|Any CPU = Debug|Any CPU
		Release|Any CPU = Release|Any CPU
	EndGlobalSection
	GlobalSection(ProjectConfigurationPlatforms) = postSolution
		{7789CB7B-E0A3-4603-9581-F4EC7A7563FD}.Debug|Any CPU.ActiveCfg = Debug|Any CPU
		{7789CB7B-E0A3-4603-9581-F4EC7A7563FD}.Debug|Any CPU.Build.0 = Debug|Any CPU
		{7789CB7B-E0A3-4603-9581-F4EC7A7563FD}.Release|Any CPU.ActiveCfg = Release|Any CPU
		{7789CB7B-E0A3-4603-9581-F4EC7A7563FD}.Release|Any CPU.Build.0 = Release|Any CPU
		{ED02F1B4-183E-47AE-8554-02E21CFDF21B}.Debug|Any CPU.ActiveCfg = Debug|Any CPU
		{ED02F1B4-183E-47AE-8554-02E21CFDF21B}.Debug|Any CPU.Build.0 = Debug|Any CPU
		{ED02F1B4-183E-47AE-8554-02E21CFDF21B}.Release|Any CPU.ActiveCfg = Release|Any CPU
		{ED02F1B4-183E-47AE-8554-02E21CFDF21B}.Release|Any CPU.Build.0 = Release|Any CPU
	EndGlobalSection
	GlobalSection(SolutionProperties) = preSolution
		HideSolutionNode = FALSE
	EndGlobalSection
	GlobalSection(ExtensibilityGlobals) = postSolution
		SolutionGuid = {C2A05655-DB7E-4F4B-A080-3E12B2073DCB}
	EndGlobalSection
EndGlobal
